
Microsoft Visual Studio Solution File, Format Version 12.00
# Visual Studio Version 16
VisualStudioVersion = 16.0.29001.49
MinimumVisualStudioVersion = 10.0.40219.1
Project("{FAE04EC0-301F-11D3-BF4B-00C04F79EFBC}") = "sidebar-layout-aspcore", "sidebar-layout-aspcore.csproj", "{54E978BD-F90C-4B85-B0BB-6D3F4CBCCC9E}"
EndProject
Global
	GlobalSection(SolutionConfigurationPlatforms) = preSolution
		Debug|Any CPU = Debug|Any CPU
		Release|Any CPU = Release|Any CPU
	EndGlobalSection
	GlobalSection(ProjectConfigurationPlatforms) = postSolution
		{54E978BD-F90C-4B85-B0BB-6D3F4CBCCC9E}.Debug|Any CPU.ActiveCfg = Debug|Any CPU
		{54E978BD-F90C-4B85-B0BB-6D3F4CBCCC9E}.Debug|Any CPU.Build.0 = Debug|Any CPU
		{54E978BD-F90C-4B85-B0BB-6D3F4CBCCC9E}.Release|Any CPU.ActiveCfg = Release|Any CPU
		{54E978BD-F90C-4B85-B0BB-6D3F4CBCCC9E}.Release|Any CPU.Build.0 = Release|Any CPU
	EndGlobalSection
	GlobalSection(SolutionProperties) = preSolution
		HideSolutionNode = FALSE
	EndGlobalSection
	GlobalSection(ExtensibilityGlobals) = postSolution
		SolutionGuid = {7C5A0E86-ADAF-42BB-86A2-E9C75F0F483D}
	EndGlobalSection
EndGlobal
